{
  "name": "@repo/db",
  "version": "1.0.0",
  "lockfileVersion": 3,
  "requires": true,
  "packages": {
    "": {
      "name": "@repo/db",
      "version": "1.0.0",
      "license": "ISC",
      "dependencies": {
        "@prisma/client": "^6.2.0"
      },
      "devDependencies": {
        "prisma": "^6.2.0"
      }
    },
    "node_modules/@prisma/client": {
      "version": "6.2.0",
      "resolved": "https://registry.npmjs.org/@prisma/client/-/client-6.2.0.tgz",
      "integrity": "sha512-tmEgej4OR+Wqk8MwZQcu58JzA1iFPmi/z7VPEmjTuTIQDLqHQZ6+MDRLL4wgNJXJkMHUKD9yMD5AkwYH0/0hKA==",
      "hasInstallScript": true,
      "engines": {
        "node": ">=18.18"
      },
      "peerDependencies": {
        "prisma": "*"
      },
      "peerDependenciesMeta": {
        "prisma": {
          "optional": true
        }
      }
    },
    "node_modules/@prisma/debug": {
      "version": "6.2.0",
      "resolved": "https://registry.npmjs.org/@prisma/debug/-/debug-6.2.0.tgz",
      "integrity": "sha512-Q96rqZVivmEtt29h1hhALceJTqggHDsr3RAWpeSJZOppQu6vcv5PyiY4XxyTf04gZw4Ue+kkqtaRcRms1zC8aQ==",
      "devOptional": true
    },
    "node_modules/@prisma/engines": {
      "version": "6.2.0",
      "resolved": "https://registry.npmjs.org/@prisma/engines/-/engines-6.2.0.tgz",
      "integrity": "sha512-Od7fH2gH+4n0E/XIhhAfO3OaKKNRzD0s1LY8umyvDQXlFmiDYF8kNJydcfWLvU3XNNV40wM2T0jOU+4ua1Zp3A==",
      "devOptional": true,
      "hasInstallScript": true,
      "dependencies": {
        "@prisma/debug": "6.2.0",
        "@prisma/engines-version": "6.2.0-14.4123509d24aa4dede1e864b46351bf2790323b69",
        "@prisma/fetch-engine": "6.2.0",
        "@prisma/get-platform": "6.2.0"
      }
    },
    "node_modules/@prisma/engines-version": {
      "version": "6.2.0-14.4123509d24aa4dede1e864b46351bf2790323b69",
      "resolved": "https://registry.npmjs.org/@prisma/engines-version/-/engines-version-6.2.0-14.4123509d24aa4dede1e864b46351bf2790323b69.tgz",
      "integrity": "sha512-7tw1qs/9GWSX6qbZs4He09TOTg1ff3gYsB3ubaVNN0Pp1zLm9NC5C5MZShtkz7TyQjx7blhpknB7HwEhlG+PrQ==",
      "devOptional": true
    },
    "node_modules/@prisma/fetch-engine": {
      "version": "6.2.0",
      "resolved": "https://registry.npmjs.org/@prisma/fetch-engine/-/fetch-engine-6.2.0.tgz",
      "integrity": "sha512-zz0HmZ2Npsthnh+1cj7aFPRWs57GS4CNlM9uXpVeQm2/YN0LMRNeuI5/zpqRhHrZUXdKde0jltJnvIM1Xz/mPQ==",
      "devOptional": true,
      "dependencies": {
        "@prisma/debug": "6.2.0",
        "@prisma/engines-version": "6.2.0-14.4123509d24aa4dede1e864b46351bf2790323b69",
        "@prisma/get-platform": "6.2.0"
      }
    },
    "node_modules/@prisma/get-platform": {
      "version": "6.2.0",
      "resolved": "https://registry.npmjs.org/@prisma/get-platform/-/get-platform-6.2.0.tgz",
      "integrity": "sha512-Nnk2fcjiRB9E0uRKCMl+EmBC1Vs6kXqaHa2E108pDrEXAgxj0Ns/YQSeZE0o4QJiK5m1PGmImA9/FFUAgCUTHA==",
      "devOptional": true,
      "dependencies": {
        "@prisma/debug": "6.2.0"
      }
    },
    "node_modules/fsevents": {
      "version": "2.3.3",
      "resolved": "https://registry.npmjs.org/fsevents/-/fsevents-2.3.3.tgz",
      "integrity": "sha512-5xoDfX+fL7faATnagmWPpbFtwh/R77WmMMqqHGS65C3vvB0YHrgF+B1YmZ3441tMj5n63k0212XNoJwzlhffQw==",
      "dev": true,
      "hasInstallScript": true,
      "optional": true,
      "os": [
        "darwin"
      ],
      "engines": {
        "node": "^8.16.0 || ^10.6.0 || >=11.0.0"
      }
    },
    "node_modules/prisma": {
      "version": "6.2.0",
      "resolved": "https://registry.npmjs.org/prisma/-/prisma-6.2.0.tgz",
      "integrity": "sha512-3bnAPqtWXbyA9QEKYEstPcsQMxoQ97rjC0E1OZ+QVKuNNpzRDdIgdCpTVpHvqj/9UaWpqaEiENYqS2At8DtESA==",
      "devOptional": true,
      "hasInstallScript": true,
      "dependencies": {
        "@prisma/engines": "6.2.0"
      },
      "bin": {
        "prisma": "build/index.js"
      },
      "engines": {
        "node": ">=18.18"
      },
      "optionalDependencies": {
        "fsevents": "2.3.3"
      }
    }
  }
}
